
Microsoft Visual Studio Solution File, Format Version 12.00
# Visual Studio Version 17
VisualStudioVersion = 17.5.33516.290
MinimumVisualStudioVersion = 10.0.40219.1
Project("{FAE04EC0-301F-11D3-BF4B-00C04F79EFBC}") = "zad62.Android", "zad62.Android\zad62.Android.csproj", "{CAC52261-020B-495A-911C-1ACA78A31F93}"
EndProject
Project("{FAE04EC0-301F-11D3-BF4B-00C04F79EFBC}") = "zad62.iOS", "zad62.iOS\zad62.iOS.csproj", "{39BFEBED-3EB9-4B1B-9804-71E3F091F2AE}"
EndProject
Project("{FAE04EC0-301F-11D3-BF4B-00C04F79EFBC}") = "zad62", "zad62\zad62.csproj", "{0C69406B-FA6C-444D-B2EF-4865D248FCCF}"
EndProject
Global
	GlobalSection(SolutionConfigurationPlatforms) = preSolution
		Debug|Any CPU = Debug|Any CPU
		Debug|iPhone = Debug|iPhone
		Debug|iPhoneSimulator = Debug|iPhoneSimulator
		Release|Any CPU = Release|Any CPU
		Release|iPhone = Release|iPhone
		Release|iPhoneSimulator = Release|iPhoneSimulator
	EndGlobalSection
	GlobalSection(ProjectConfigurationPlatforms) = postSolution
		{CAC52261-020B-495A-911C-1ACA78A31F93}.Debug|Any CPU.ActiveCfg = Debug|Any CPU
		{CAC52261-020B-495A-911C-1ACA78A31F93}.Debug|Any CPU.Build.0 = Debug|Any CPU
		{CAC52261-020B-495A-911C-1ACA78A31F93}.Debug|Any CPU.Deploy.0 = Debug|Any CPU
		{CAC52261-020B-495A-911C-1ACA78A31F93}.Debug|iPhone.ActiveCfg = Debug|Any CPU
		{CAC52261-020B-495A-911C-1ACA78A31F93}.Debug|iPhone.Build.0 = Debug|Any CPU
		{CAC52261-020B-495A-911C-1ACA78A31F93}.Debug|iPhone.Deploy.0 = Debug|Any CPU
		{CAC52261-020B-495A-911C-1ACA78A31F93}.Debug|iPhoneSimulator.ActiveCfg = Debug|Any CPU
		{CAC52261-020B-495A-911C-1ACA78A31F93}.Debug|iPhoneSimulator.Build.0 = Debug|Any CPU
		{CAC52261-020B-495A-911C-1ACA78A31F93}.Debug|iPhoneSimulator.Deploy.0 = Debug|Any CPU
		{CAC52261-020B-495A-911C-1ACA78A31F93}.Release|Any CPU.ActiveCfg = Release|Any CPU
		{CAC52261-020B-495A-911C-1ACA78A31F93}.Release|Any CPU.Build.0 = Release|Any CPU
		{CAC52261-020B-495A-911C-1ACA78A31F93}.Release|Any CPU.Deploy.0 = Release|Any CPU
		{CAC52261-020B-495A-911C-1ACA78A31F93}.Release|iPhone.ActiveCfg = Release|Any CPU
		{CAC52261-020B-495A-911C-1ACA78A31F93}.Release|iPhone.Build.0 = Release|Any CPU
		{CAC52261-020B-495A-911C-1ACA78A31F93}.Release|iPhone.Deploy.0 = Release|Any CPU
		{CAC52261-020B-495A-911C-1ACA78A31F93}.Release|iPhoneSimulator.ActiveCfg = Release|Any CPU
		{CAC52261-020B-495A-911C-1ACA78A31F93}.Release|iPhoneSimulator.Build.0 = Release|Any CPU
		{CAC52261-020B-495A-911C-1ACA78A31F93}.Release|iPhoneSimulator.Deploy.0 = Release|Any CPU
		{39BFEBED-3EB9-4B1B-9804-71E3F091F2AE}.Debug|Any CPU.ActiveCfg = Debug|iPhone
		{39BFEBED-3EB9-4B1B-9804-71E3F091F2AE}.Debug|Any CPU.Build.0 = Debug|iPhone
		{39BFEBED-3EB9-4B1B-9804-71E3F091F2AE}.Debug|Any CPU.Deploy.0 = Debug|iPhone
		{39BFEBED-3EB9-4B1B-9804-71E3F091F2AE}.Debug|iPhone.ActiveCfg = Debug|iPhone
		{39BFEBED-3EB9-4B1B-9804-71E3F091F2AE}.Debug|iPhone.Build.0 = Debug|iPhone
		{39BFEBED-3EB9-4B1B-9804-71E3F091F2AE}.Debug|iPhone.Deploy.0 = Debug|iPhone
		{39BFEBED-3EB9-4B1B-9804-71E3F091F2AE}.Debug|iPhoneSimulator.ActiveCfg = Debug|iPhoneSimulator
		{39BFEBED-3EB9-4B1B-9804-71E3F091F2AE}.Debug|iPhoneSimulator.Build.0 = Debug|iPhoneSimulator
		{39BFEBED-3EB9-4B1B-9804-71E3F091F2AE}.Debug|iPhoneSimulator.Deploy.0 = Debug|iPhoneSimulator
		{39BFEBED-3EB9-4B1B-9804-71E3F091F2AE}.Release|Any CPU.ActiveCfg = Release|iPhoneSimulator
		{39BFEBED-3EB9-4B1B-9804-71E3F091F2AE}.Release|Any CPU.Build.0 = Release|iPhoneSimulator
		{39BFEBED-3EB9-4B1B-9804-71E3F091F2AE}.Release|Any CPU.Deploy.0 = Release|iPhoneSimulator
		{39BFEBED-3EB9-4B1B-9804-71E3F091F2AE}.Release|iPhone.ActiveCfg = Release|iPhone
		{39BFEBED-3EB9-4B1B-9804-71E3F091F2AE}.Release|iPhone.Build.0 = Release|iPhone
		{39BFEBED-3EB9-4B1B-9804-71E3F091F2AE}.Release|iPhone.Deploy.0 = Release|iPhone
		{39BFEBED-3EB9-4B1B-9804-71E3F091F2AE}.Release|iPhoneSimulator.ActiveCfg = Release|iPhoneSimulator
		{39BFEBED-3EB9-4B1B-9804-71E3F091F2AE}.Release|iPhoneSimulator.Build.0 = Release|iPhoneSimulator
		{39BFEBED-3EB9-4B1B-9804-71E3F091F2AE}.Release|iPhoneSimulator.Deploy.0 = Release|iPhoneSimulator
		{0C69406B-FA6C-444D-B2EF-4865D248FCCF}.Debug|Any CPU.ActiveCfg = Debug|Any CPU
		{0C69406B-FA6C-444D-B2EF-4865D248FCCF}.Debug|Any CPU.Build.0 = Debug|Any CPU
		{0C69406B-FA6C-444D-B2EF-4865D248FCCF}.Debug|Any CPU.Deploy.0 = Debug|Any CPU
		{0C69406B-FA6C-444D-B2EF-4865D248FCCF}.Debug|iPhone.ActiveCfg = Debug|Any CPU
		{0C69406B-FA6C-444D-B2EF-4865D248FCCF}.Debug|iPhone.Build.0 = Debug|Any CPU
		{0C69406B-FA6C-444D-B2EF-4865D248FCCF}.Debug|iPhone.Deploy.0 = Debug|Any CPU
		{0C69406B-FA6C-444D-B2EF-4865D248FCCF}.Debug|iPhoneSimulator.ActiveCfg = Debug|Any CPU
		{0C69406B-FA6C-444D-B2EF-4865D248FCCF}.Debug|iPhoneSimulator.Build.0 = Debug|Any CPU
		{0C69406B-FA6C-444D-B2EF-4865D248FCCF}.Debug|iPhoneSimulator.Deploy.0 = Debug|Any CPU
		{0C69406B-FA6C-444D-B2EF-4865D248FCCF}.Release|Any CPU.ActiveCfg = Release|Any CPU
		{0C69406B-FA6C-444D-B2EF-4865D248FCCF}.Release|Any CPU.Build.0 = Release|Any CPU
		{0C69406B-FA6C-444D-B2EF-4865D248FCCF}.Release|Any CPU.Deploy.0 = Release|Any CPU
		{0C69406B-FA6C-444D-B2EF-4865D248FCCF}.Release|iPhone.ActiveCfg = Release|Any CPU
		{0C69406B-FA6C-444D-B2EF-4865D248FCCF}.Release|iPhone.Build.0 = Release|Any CPU
		{0C69406B-FA6C-444D-B2EF-4865D248FCCF}.Release|iPhone.Deploy.0 = Release|Any CPU
		{0C69406B-FA6C-444D-B2EF-4865D248FCCF}.Release|iPhoneSimulator.ActiveCfg = Release|Any CPU
		{0C69406B-FA6C-444D-B2EF-4865D248FCCF}.Release|iPhoneSimulator.Build.0 = Release|Any CPU
		{0C69406B-FA6C-444D-B2EF-4865D248FCCF}.Release|iPhoneSimulator.Deploy.0 = Release|Any CPU
	EndGlobalSection
	GlobalSection(SolutionProperties) = preSolution
		HideSolutionNode = FALSE
	EndGlobalSection
	GlobalSection(ExtensibilityGlobals) = postSolution
		SolutionGuid = {D7245FB5-EB6F-42AD-9A87-025FA26F107B}
	EndGlobalSection
EndGlobal
